
Microsoft Visual Studio Solution File, Format Version 12.00
# Visual Studio 2013
VisualStudioVersion = 12.0.40629.0
MinimumVisualStudioVersion = 10.0.40219.1
Project("{FAE04EC0-301F-11D3-BF4B-00C04F79EFBC}") = "Airtraffic_Simulator", "Airtraffic_Simulator\Airtraffic_Simulator.csproj", "{85B10987-EE24-406B-974E-ED1EF46FEFAF}"
EndProject
Project("{FAE04EC0-301F-11D3-BF4B-00C04F79EFBC}") = "UnitTests", "UnitTests\UnitTests.csproj", "{9FEF347E-FC85-4A20-8529-967EFD712B4E}"
EndProject
Global
	GlobalSection(SolutionConfigurationPlatforms) = preSolution
		Debug|Any CPU = Debug|Any CPU
		Release|Any CPU = Release|Any CPU
	EndGlobalSection
	GlobalSection(ProjectConfigurationPlatforms) = postSolution
		{85B10987-EE24-406B-974E-ED1EF46FEFAF}.Debug|Any CPU.ActiveCfg = Debug|Any CPU
		{85B10987-EE24-406B-974E-ED1EF46FEFAF}.Debug|Any CPU.Build.0 = Debug|Any CPU
		{85B10987-EE24-406B-974E-ED1EF46FEFAF}.Release|Any CPU.ActiveCfg = Release|Any CPU
		{85B10987-EE24-406B-974E-ED1EF46FEFAF}.Release|Any CPU.Build.0 = Release|Any CPU
		{9FEF347E-FC85-4A20-8529-967EFD712B4E}.Debug|Any CPU.ActiveCfg = Debug|Any CPU
		{9FEF347E-FC85-4A20-8529-967EFD712B4E}.Debug|Any CPU.Build.0 = Debug|Any CPU
		{9FEF347E-FC85-4A20-8529-967EFD712B4E}.Release|Any CPU.ActiveCfg = Release|Any CPU
		{9FEF347E-FC85-4A20-8529-967EFD712B4E}.Release|Any CPU.Build.0 = Release|Any CPU
	EndGlobalSection
	GlobalSection(SolutionProperties) = preSolution
		HideSolutionNode = FALSE
	EndGlobalSection
EndGlobal
